// !$*UTF8*$!
{
	archiveVersion = 1;
	classes = {
	};
	objectVersion = 50;
	objects = {

/* Begin PBXBuildFile section */
		58283A6326D6A39800FD1E5D /* AppDelegate.swift in Sources */ = {isa = PBXBuildFile; fileRef = 58283A6226D6A39800FD1E5D /* AppDelegate.swift */; };
		58283A6526D6A39800FD1E5D /* SceneDelegate.swift in Sources */ = {isa = PBXBuildFile; fileRef = 58283A6426D6A39800FD1E5D /* SceneDelegate.swift */; };
		58283A6726D6A39800FD1E5D /* ViewController.swift in Sources */ = {isa = PBXBuildFile; fileRef = 58283A6626D6A39800FD1E5D /* ViewController.swift */; };
		58283A6A26D6A39800FD1E5D /* Main.storyboard in Resources */ = {isa = PBXBuildFile; fileRef = 58283A6826D6A39800FD1E5D /* Main.storyboard */; };
		58283A6C26D6A39900FD1E5D /* Assets.xcassets in Resources */ = {isa = PBXBuildFile; fileRef = 58283A6B26D6A39900FD1E5D /* Assets.xcassets */; };
		58283A6F26D6A39900FD1E5D /* LaunchScreen.storyboard in Resources */ = {isa = PBXBuildFile; fileRef = 58283A6D26D6A39900FD1E5D /* LaunchScreen.storyboard */; };
		58283A7A26D6A39900FD1E5D /* preworkTests.swift in Sources */ = {isa = PBXBuildFile; fileRef = 58283A7926D6A39900FD1E5D /* preworkTests.swift */; };
		58283A8526D6A39900FD1E5D /* preworkUITests.swift in Sources */ = {isa = PBXBuildFile; fileRef = 58283A8426D6A39900FD1E5D /* preworkUITests.swift */; };
		586F2B9026DAF40900F5A3C8 /* SettingViewController.swift in Sources */ = {isa = PBXBuildFile; fileRef = 586F2B8F26DAF40900F5A3C8 /* SettingViewController.swift */; };
/* End PBXBuildFile section */

/* Begin PBXContainerItemProxy section */
		58283A7626D6A39900FD1E5D /* PBXContainerItemProxy */ = {
			isa = PBXContainerItemProxy;
			containerPortal = 58283A5726D6A39800FD1E5D /* Project object */;
			proxyType = 1;
			remoteGlobalIDString = 58283A5E26D6A39800FD1E5D;
			remoteInfo = prework;
		};
		58283A8126D6A39900FD1E5D /* PBXContainerItemProxy */ = {
			isa = PBXContainerItemProxy;
			containerPortal = 58283A5726D6A39800FD1E5D /* Project object */;
			proxyType = 1;
			remoteGlobalIDString = 58283A5E26D6A39800FD1E5D;
			remoteInfo = prework;
		};
/* End PBXContainerItemProxy section */

/* Begin PBXFileReference section */
		58283A5F26D6A39800FD1E5D /* prework.app */ = {isa = PBXFileReference; explicitFileType = wrapper.application; includeInIndex = 0; path = prework.app; sourceTree = BUILT_PRODUCTS_DIR; };
		58283A6226D6A39800FD1E5D /* AppDelegate.swift */ = {isa = PBXFileReference; lastKnownFileType = sourcecode.swift; path = AppDelegate.swift; sourceTree = "<group>"; };
		58283A6426D6A39800FD1E5D /* SceneDelegate.swift */ = {isa = PBXFileReference; lastKnownFileType = sourcecode.swift; path = SceneDelegate.swift; sourceTree = "<group>"; };
		58283A6626D6A39800FD1E5D /* ViewController.swift */ = {isa = PBXFileReference; lastKnownFileType = sourcecode.swift; path = ViewController.swift; sourceTree = "<group>"; };
		58283A6926D6A39800FD1E5D /* Base */ = {isa = PBXFileReference; lastKnownFileType = file.storyboard; name = Base; path = Base.lproj/Main.storyboard; sourceTree = "<group>"; };
		58283A6B26D6A39900FD1E5D /* Assets.xcassets */ = {isa = PBXFileReference; lastKnownFileType = folder.assetcatalog; path = Assets.xcassets; sourceTree = "<group>"; };
		58283A6E26D6A39900FD1E5D /* Base */ = {isa = PBXFileReference; lastKnownFileType = file.storyboard; name = Base; path = Base.lproj/LaunchScreen.storyboard; sourceTree = "<group>"; };
		58283A7026D6A39900FD1E5D /* Info.plist */ = {isa = PBXFileReference; lastKnownFileType = text.plist.xml; path = Info.plist; sourceTree = "<group>"; };
		58283A7526D6A39900FD1E5D /* preworkTests.xctest */ = {isa = PBXFileReference; explicitFileType = wrapper.cfbundle; includeInIndex = 0; path = preworkTests.xctest; sourceTree = BUILT_PRODUCTS_DIR; };
		58283A7926D6A39900FD1E5D /* preworkTests.swift */ = {isa = PBXFileReference; lastKnownFileType = sourcecode.swift; path = preworkTests.swift; sourceTree = "<group>"; };
		58283A7B26D6A39900FD1E5D /* Info.plist */ = {isa = PBXFileReference; lastKnownFileType = text.plist.xml; path = Info.plist; sourceTree = "<group>"; };
		58283A8026D6A39900FD1E5D /* preworkUITests.xctest */ = {isa = PBXFileReference; explicitFileType = wrapper.cfbundle; includeInIndex = 0; path = preworkUITests.xctest; sourceTree = BUILT_PRODUCTS_DIR; };
		58283A8426D6A39900FD1E5D /* preworkUITests.swift */ = {isa = PBXFileReference; lastKnownFileType = sourcecode.swift; path = preworkUITests.swift; sourceTree = "<group>"; };
		58283A8626D6A39900FD1E5D /* Info.plist */ = {isa = PBXFileReference; lastKnownFileType = text.plist.xml; path = Info.plist; sourceTree = "<group>"; };
		586F2B8F26DAF40900F5A3C8 /* SettingViewController.swift */ = {isa = PBXFileReference; lastKnownFileType = sourcecode.swift; path = SettingViewController.swift; sourceTree = "<group>"; };
/* End PBXFileReference section */

/* Begin PBXFrameworksBuildPhase section */
		58283A5C26D6A39800FD1E5D /* Frameworks */ = {
			isa = PBXFrameworksBuildPhase;
			buildActionMask = 2147483647;
			files = (
			);
			runOnlyForDeploymentPostprocessing = 0;
		};
		58283A7226D6A39900FD1E5D /* Frameworks */ = {
			isa = PBXFrameworksBuildPhase;
			buildActionMask = 2147483647;
			files = (
			);
			runOnlyForDeploymentPostprocessing = 0;
		};
		58283A7D26D6A39900FD1E5D /* Frameworks */ = {
			isa = PBXFrameworksBuildPhase;
			buildActionMask = 2147483647;
			files = (
			);
			runOnlyForDeploymentPostprocessing = 0;
		};
/* End PBXFrameworksBuildPhase section */

/* Begin PBXGroup section */
		58283A5626D6A39800FD1E5D = {
			isa = PBXGroup;
			children = (
				58283A6126D6A39800FD1E5D /* prework */,
				58283A7826D6A39900FD1E5D /* preworkTests */,
				58283A8326D6A39900FD1E5D /* preworkUITests */,
				58283A6026D6A39800FD1E5D /* Products */,
			);
			sourceTree = "<group>";
		};
		58283A6026D6A39800FD1E5D /* Products */ = {
			isa = PBXGroup;
			children = (
				58283A5F26D6A39800FD1E5D /* prework.app */,
				58283A7526D6A39900FD1E5D /* preworkTests.xctest */,
				58283A8026D6A39900FD1E5D /* preworkUITests.xctest */,
			);
			name = Products;
			sourceTree = "<group>";
		};
		58283A6126D6A39800FD1E5D /* prework */ = {
			isa = PBXGroup;
			children = (
				586F2B9126DAF47200F5A3C8 /* View Controllers */,
				58283A6226D6A39800FD1E5D /* AppDelegate.swift */,
				58283A6426D6A39800FD1E5D /* SceneDelegate.swift */,
				58283A6626D6A39800FD1E5D /* ViewController.swift */,
				58283A6826D6A39800FD1E5D /* Main.storyboard */,
				58283A6B26D6A39900FD1E5D /* Assets.xcassets */,
				58283A6D26D6A39900FD1E5D /* LaunchScreen.storyboard */,
				58283A7026D6A39900FD1E5D /* Info.plist */,
			);
			path = prework;
			sourceTree = "<group>";
		};
		58283A7826D6A39900FD1E5D /* preworkTests */ = {
			isa = PBXGroup;
			children = (
				58283A7926D6A39900FD1E5D /* preworkTests.swift */,
				58283A7B26D6A39900FD1E5D /* Info.plist */,
			);
			path = preworkTests;
			sourceTree = "<group>";
		};
		58283A8326D6A39900FD1E5D /* preworkUITests */ = {
			isa = PBXGroup;
			children = (
				58283A8426D6A39900FD1E5D /* preworkUITests.swift */,
				58283A8626D6A39900FD1E5D /* Info.plist */,
			);
			path = preworkUITests;
			sourceTree = "<group>";
		};
		586F2B9126DAF47200F5A3C8 /* View Controllers */ = {
			isa = PBXGroup;
			children = (
				586F2B8F26DAF40900F5A3C8 /* SettingViewController.swift */,
			);
			path = "View Controllers";
			sourceTree = "<group>";
		};
/* End PBXGroup section */

/* Begin PBXNativeTarget section */
		58283A5E26D6A39800FD1E5D /* prework */ = {
			isa = PBXNativeTarget;
			buildConfigurationList = 58283A8926D6A39900FD1E5D /* Build configuration list for PBXNativeTarget "prework" */;
			buildPhases = (
				58283A5B26D6A39800FD1E5D /* Sources */,
				58283A5C26D6A39800FD1E5D /* Frameworks */,
				58283A5D26D6A39800FD1E5D /* Resources */,
			);
			buildRules = (
			);
			dependencies = (
			);
			name = prework;
			productName = prework;
			productReference = 58283A5F26D6A39800FD1E5D /* prework.app */;
			productType = "com.apple.product-type.application";
		};
		58283A7426D6A39900FD1E5D /* preworkTests */ = {
			isa = PBXNativeTarget;
			buildConfigurationList = 58283A8C26D6A39900FD1E5D /* Build configuration list for PBXNativeTarget "preworkTests" */;
			buildPhases = (
				58283A7126D6A39900FD1E5D /* Sources */,
				58283A7226D6A39900FD1E5D /* Frameworks */,
				58283A7326D6A39900FD1E5D /* Resources */,
			);
			buildRules = (
			);
			dependencies = (
				58283A7726D6A39900FD1E5D /* PBXTargetDependency */,
			);
			name = preworkTests;
			productName = preworkTests;
			productReference = 58283A7526D6A39900FD1E5D /* preworkTests.xctest */;
			productType = "com.apple.product-type.bundle.unit-test";
		};
		58283A7F26D6A39900FD1E5D /* preworkUITests */ = {
			isa = PBXNativeTarget;
			buildConfigurationList = 58283A8F26D6A39900FD1E5D /* Build configuration list for PBXNativeTarget "preworkUITests" */;
			buildPhases = (
				58283A7C26D6A39900FD1E5D /* Sources */,
				58283A7D26D6A39900FD1E5D /* Frameworks */,
				58283A7E26D6A39900FD1E5D /* Resources */,
			);
			buildRules = (
			);
			dependencies = (
				58283A8226D6A39900FD1E5D /* PBXTargetDependency */,
			);
			name = preworkUITests;
			productName = preworkUITests;
			productReference = 58283A8026D6A39900FD1E5D /* preworkUITests.xctest */;
			productType = "com.apple.product-type.bundle.ui-testing";
		};
/* End PBXNativeTarget section */

/* Begin PBXProject section */
		58283A5726D6A39800FD1E5D /* Project object */ = {
			isa = PBXProject;
			attributes = {
				LastSwiftUpdateCheck = 1250;
				LastUpgradeCheck = 1250;
				TargetAttributes = {
					58283A5E26D6A39800FD1E5D = {
						CreatedOnToolsVersion = 12.5.1;
						LastSwiftMigration = 1250;
					};
					58283A7426D6A39900FD1E5D = {
						CreatedOnToolsVersion = 12.5.1;
						TestTargetID = 58283A5E26D6A39800FD1E5D;
					};
					58283A7F26D6A39900FD1E5D = {
						CreatedOnToolsVersion = 12.5.1;
						TestTargetID = 58283A5E26D6A39800FD1E5D;
					};
				};
			};
			buildConfigurationList = 58283A5A26D6A39800FD1E5D /* Build configuration list for PBXProject "prework" */;
			compatibilityVersion = "Xcode 9.3";
			developmentRegion = en;
			hasScannedForEncodings = 0;
			knownRegions = (
				en,
				Base,
			);
			mainGroup = 58283A5626D6A39800FD1E5D;
			productRefGroup = 58283A6026D6A39800FD1E5D /* Products */;
			projectDirPath = "";
			projectRoot = "";
			targets = (
				58283A5E26D6A39800FD1E5D /* prework */,
				58283A7426D6A39900FD1E5D /* preworkTests */,
				58283A7F26D6A39900FD1E5D /* preworkUITests */,
			);
		};
/* End PBXProject section */

/* Begin PBXResourcesBuildPhase section */
		58283A5D26D6A39800FD1E5D /* Resources */ = {
			isa = PBXResourcesBuildPhase;
			buildActionMask = 2147483647;
			files = (
				58283A6F26D6A39900FD1E5D /* LaunchScreen.storyboard in Resources */,
				58283A6C26D6A39900FD1E5D /* Assets.xcassets in Resources */,
				58283A6A26D6A39800FD1E5D /* Main.storyboard in Resources */,
			);
			runOnlyForDeploymentPostprocessing = 0;
		};
		58283A7326D6A39900FD1E5D /* Resources */ = {
			isa = PBXResourcesBuildPhase;
			buildActionMask = 2147483647;
			files = (
			);
			runOnlyForDeploymentPostprocessing = 0;
		};
		58283A7E26D6A39900FD1E5D /* Resources */ = {
			isa = PBXResourcesBuildPhase;
			buildActionMask = 2147483647;
			files = (
			);
			runOnlyForDeploymentPostprocessing = 0;
		};
/* End PBXResourcesBuildPhase section */

/* Begin PBXSourcesBuildPhase section */
		58283A5B26D6A39800FD1E5D /* Sources */ = {
			isa = PBXSourcesBuildPhase;
			buildActionMask = 2147483647;
			files = (
				58283A6726D6A39800FD1E5D /* ViewController.swift in Sources */,
				58283A6326D6A39800FD1E5D /* AppDelegate.swift in Sources */,
				58283A6526D6A39800FD1E5D /* SceneDelegate.swift in Sources */,
				586F2B9026DAF40900F5A3C8 /* SettingViewController.swift in Sources */,
			);
			runOnlyForDeploymentPostprocessing = 0;
		};
		58283A7126D6A39900FD1E5D /* Sources */ = {
			isa = PBXSourcesBuildPhase;
			buildActionMask = 2147483647;
			files = (
				58283A7A26D6A39900FD1E5D /* preworkTests.swift in Sources */,
			);
			runOnlyForDeploymentPostprocessing = 0;
		};
		58283A7C26D6A39900FD1E5D /* Sources */ = {
			isa = PBXSourcesBuildPhase;
			buildActionMask = 2147483647;
			files = (
				58283A8526D6A39900FD1E5D /* preworkUITests.swift in Sources */,
			);
			runOnlyForDeploymentPostprocessing = 0;
		};
/* End PBXSourcesBuildPhase section */

/* Begin PBXTargetDependency section */
		58283A7726D6A39900FD1E5D /* PBXTargetDependency */ = {
			isa = PBXTargetDependency;
			target = 58283A5E26D6A39800FD1E5D /* prework */;
			targetProxy = 58283A7626D6A39900FD1E5D /* PBXContainerItemProxy */;
		};
		58283A8226D6A39900FD1E5D /* PBXTargetDependency */ = {
			isa = PBXTargetDependency;
			target = 58283A5E26D6A39800FD1E5D /* prework */;
			targetProxy = 58283A8126D6A39900FD1E5D /* PBXContainerItemProxy */;
		};
/* End PBXTargetDependency section */

/* Begin PBXVariantGroup section */
		58283A6826D6A39800FD1E5D /* Main.storyboard */ = {
			isa = PBXVariantGroup;
			children = (
				58283A6926D6A39800FD1E5D /* Base */,
			);
			name = Main.storyboard;
			sourceTree = "<group>";
		};
		58283A6D26D6A39900FD1E5D /* LaunchScreen.storyboard */ = {
			isa = PBXVariantGroup;
			children = (
				58283A6E26D6A39900FD1E5D /* Base */,
			);
			name = LaunchScreen.storyboard;
			sourceTree = "<group>";
		};
/* End PBXVariantGroup section */

/* Begin XCBuildConfiguration section */
		58283A8726D6A39900FD1E5D /* Debug */ = {
			isa = XCBuildConfiguration;
			buildSettings = {
				ALWAYS_SEARCH_USER_PATHS = NO;
				CLANG_ANALYZER_NONNULL = YES;
				CLANG_ANALYZER_NUMBER_OBJECT_CONVERSION = YES_AGGRESSIVE;
				CLANG_CXX_LANGUAGE_STANDARD = "gnu++14";
				CLANG_CXX_LIBRARY = "libc++";
				CLANG_ENABLE_MODULES = YES;
				CLANG_ENABLE_OBJC_ARC = YES;
				CLANG_ENABLE_OBJC_WEAK = YES;
				CLANG_WARN_BLOCK_CAPTURE_AUTORELEASING = YES;
				CLANG_WARN_BOOL_CONVERSION = YES;
				CLANG_WARN_COMMA = YES;
				CLANG_WARN_CONSTANT_CONVERSION = YES;
				CLANG_WARN_DEPRECATED_OBJC_IMPLEMENTATIONS = YES;
				CLANG_WARN_DIRECT_OBJC_ISA_USAGE = YES_ERROR;
				CLANG_WARN_DOCUMENTATION_COMMENTS = YES;
				CLANG_WARN_EMPTY_BODY = YES;
				CLANG_WARN_ENUM_CONVERSION = YES;
				CLANG_WARN_INFINITE_RECURSION = YES;
				CLANG_WARN_INT_CONVERSION = YES;
				CLANG_WARN_NON_LITERAL_NULL_CONVERSION = YES;
				CLANG_WARN_OBJC_IMPLICIT_RETAIN_SELF = YES;
				CLANG_WARN_OBJC_LITERAL_CONVERSION = YES;
				CLANG_WARN_OBJC_ROOT_CLASS = YES_ERROR;
				CLANG_WARN_QUOTED_INCLUDE_IN_FRAMEWORK_HEADER = YES;
				CLANG_WARN_RANGE_LOOP_ANALYSIS = YES;
				CLANG_WARN_STRICT_PROTOTYPES = YES;
				CLANG_WARN_SUSPICIOUS_MOVE = YES;
				CLANG_WARN_UNGUARDED_AVAILABILITY = YES_AGGRESSIVE;
				CLANG_WARN_UNREACHABLE_CODE = YES;
				CLANG_WARN__DUPLICATE_METHOD_MATCH = YES;
				COPY_PHASE_STRIP = NO;
				DEBUG_INFORMATION_FORMAT = dwarf;
				ENABLE_STRICT_OBJC_MSGSEND = YES;
				ENABLE_TESTABILITY = YES;
				GCC_C_LANGUAGE_STANDARD = gnu11;
				GCC_DYNAMIC_NO_PIC = NO;
				GCC_NO_COMMON_BLOCKS = YES;
				GCC_OPTIMIZATION_LEVEL = 0;
				GCC_PREPROCESSOR_DEFINITIONS = (
					"DEBUG=1",
					"$(inherited)",
				);
				GCC_WARN_64_TO_32_BIT_CONVERSION = YES;
				GCC_WARN_ABOUT_RETURN_TYPE = YES_ERROR;
				GCC_WARN_UNDECLARED_SELECTOR = YES;
				GCC_WARN_UNINITIALIZED_AUTOS = YES_AGGRESSIVE;
				GCC_WARN_UNUSED_FUNCTION = YES;
				GCC_WARN_UNUSED_VARIABLE = YES;
				IPHONEOS_DEPLOYMENT_TARGET = 14.5;
				MTL_ENABLE_DEBUG_INFO = INCLUDE_SOURCE;
				MTL_FAST_MATH = YES;
				ONLY_ACTIVE_ARCH = YES;
				SDKROOT = iphoneos;
				SWIFT_ACTIVE_COMPILATION_CONDITIONS = DEBUG;
				SWIFT_OPTIMIZATION_LEVEL = "-Onone";
			};
			name = Debug;
		};
		58283A8826D6A39900FD1E5D /* Release */ = {
			isa = XCBuildConfiguration;
			buildSettings = {
				ALWAYS_SEARCH_USER_PATHS = NO;
				CLANG_ANALYZER_NONNULL = YES;
				CLANG_ANALYZER_NUMBER_OBJECT_CONVERSION = YES_AGGRESSIVE;
				CLANG_CXX_LANGUAGE_STANDARD = "gnu++14";
				CLANG_CXX_LIBRARY = "libc++";
				CLANG_ENABLE_MODULES = YES;
				CLANG_ENABLE_OBJC_ARC = YES;
				CLANG_ENABLE_OBJC_WEAK = YES;
				CLANG_WARN_BLOCK_CAPTURE_AUTORELEASING = YES;
				CLANG_WARN_BOOL_CONVERSION = YES;
				CLANG_WARN_COMMA = YES;
				CLANG_WARN_CONSTANT_CONVERSION = YES;
				CLANG_WARN_DEPRECATED_OBJC_IMPLEMENTATIONS = YES;
				CLANG_WARN_DIRECT_OBJC_ISA_USAGE = YES_ERROR;
				CLANG_WARN_DOCUMENTATION_COMMENTS = YES;
				CLANG_WARN_EMPTY_BODY = YES;
				CLANG_WARN_ENUM_CONVERSION = YES;
				CLANG_WARN_INFINITE_RECURSION = YES;
				CLANG_WARN_INT_CONVERSION = YES;
				CLANG_WARN_NON_LITERAL_NULL_CONVERSION = YES;
				CLANG_WARN_OBJC_IMPLICIT_RETAIN_SELF = YES;
				CLANG_WARN_OBJC_LITERAL_CONVERSION = YES;
				CLANG_WARN_OBJC_ROOT_CLASS = YES_ERROR;
				CLANG_WARN_QUOTED_INCLUDE_IN_FRAMEWORK_HEADER = YES;
				CLANG_WARN_RANGE_LOOP_ANALYSIS = YES;
				CLANG_WARN_STRICT_PROTOTYPES = YES;
				CLANG_WARN_SUSPICIOUS_MOVE = YES;
				CLANG_WARN_UNGUARDED_AVAILABILITY = YES_AGGRESSIVE;
				CLANG_WARN_UNREACHABLE_CODE = YES;
				CLANG_WARN__DUPLICATE_METHOD_MATCH = YES;
				COPY_PHASE_STRIP = NO;
				DEBUG_INFORMATION_FORMAT = "dwarf-with-dsym";
				ENABLE_NS_ASSERTIONS = NO;
				ENABLE_STRICT_OBJC_MSGSEND = YES;
				GCC_C_LANGUAGE_STANDARD = gnu11;
				GCC_NO_COMMON_BLOCKS = YES;
				GCC_WARN_64_TO_32_BIT_CONVERSION = YES;
				GCC_WARN_ABOUT_RETURN_TYPE = YES_ERROR;
				GCC_WARN_UNDECLARED_SELECTOR = YES;
				GCC_WARN_UNINITIALIZED_AUTOS = YES_AGGRESSIVE;
				GCC_WARN_UNUSED_FUNCTION = YES;
				GCC_WARN_UNUSED_VARIABLE = YES;
				IPHONEOS_DEPLOYMENT_TARGET = 14.5;
				MTL_ENABLE_DEBUG_INFO = NO;
				MTL_FAST_MATH = YES;
				SDKROOT = iphoneos;
				SWIFT_COMPILATION_MODE = wholemodule;
				SWIFT_OPTIMIZATION_LEVEL = "-O";
				VALIDATE_PRODUCT = YES;
			};
			name = Release;
		};
		58283A8A26D6A39900FD1E5D /* Debug */ = {
			isa = XCBuildConfiguration;
			buildSettings = {
				ASSETCATALOG_COMPILER_APPICON_NAME = AppIcon;
				ASSETCATALOG_COMPILER_GLOBAL_ACCENT_COLOR_NAME = AccentColor;
				CLANG_ENABLE_MODULES = YES;
				CODE_SIGN_STYLE = Automatic;
				INFOPLIST_FILE = prework/Info.plist;
				LD_RUNPATH_SEARCH_PATHS = (
					"$(inherited)",
					"@executable_path/Frameworks",
				);
				PRODUCT_BUNDLE_IDENTIFIER = memo.com.prework;
				PRODUCT_NAME = "$(TARGET_NAME)";
				SWIFT_OPTIMIZATION_LEVEL = "-Onone";
				SWIFT_VERSION = 5.0;
				TARGETED_DEVICE_FAMILY = "1,2";
			};
			name = Debug;
		};
		58283A8B26D6A39900FD1E5D /* Release */ = {
			isa = XCBuildConfiguration;
			buildSettings = {
				ASSETCATALOG_COMPILER_APPICON_NAME = AppIcon;
				ASSETCATALOG_COMPILER_GLOBAL_ACCENT_COLOR_NAME = AccentColor;
				CLANG_ENABLE_MODULES = YES;
				CODE_SIGN_STYLE = Automatic;
				INFOPLIST_FILE = prework/Info.plist;
				LD_RUNPATH_SEARCH_PATHS = (
					"$(inherited)",
					"@executable_path/Frameworks",
				);
				PRODUCT_BUNDLE_IDENTIFIER = memo.com.prework;
				PRODUCT_NAME = "$(TARGET_NAME)";
				SWIFT_VERSION = 5.0;
				TARGETED_DEVICE_FAMILY = "1,2";
			};
			name = Release;
		};
		58283A8D26D6A39900FD1E5D /* Debug */ = {
			isa = XCBuildConfiguration;
			buildSettings = {
				ALWAYS_EMBED_SWIFT_STANDARD_LIBRARIES = YES;
				BUNDLE_LOADER = "$(TEST_HOST)";
				CODE_SIGN_STYLE = Automatic;
				INFOPLIST_FILE = preworkTests/Info.plist;
				IPHONEOS_DEPLOYMENT_TARGET = 14.5;
				LD_RUNPATH_SEARCH_PATHS = (
					"$(inherited)",
					"@executable_path/Frameworks",
					"@loader_path/Frameworks",
				);
				PRODUCT_BUNDLE_IDENTIFIER = memo.com.preworkTests;
				PRODUCT_NAME = "$(TARGET_NAME)";
				SWIFT_VERSION = 5.0;
				TARGETED_DEVICE_FAMILY = "1,2";
				TEST_HOST = "$(BUILT_PRODUCTS_DIR)/prework.app/prework";
			};
			name = Debug;
		};
		58283A8E26D6A39900FD1E5D /* Release */ = {
			isa = XCBuildConfiguration;
			buildSettings = {
				ALWAYS_EMBED_SWIFT_STANDARD_LIBRARIES = YES;
				BUNDLE_LOADER = "$(TEST_HOST)";
				CODE_SIGN_STYLE = Automatic;
				INFOPLIST_FILE = preworkTests/Info.plist;
				IPHONEOS_DEPLOYMENT_TARGET = 14.5;
				LD_RUNPATH_SEARCH_PATHS = (
					"$(inherited)",
					"@executable_path/Frameworks",
					"@loader_path/Frameworks",
				);
				PRODUCT_BUNDLE_IDENTIFIER = memo.com.preworkTests;
				PRODUCT_NAME = "$(TARGET_NAME)";
				SWIFT_VERSION = 5.0;
				TARGETED_DEVICE_FAMILY = "1,2";
				TEST_HOST = "$(BUILT_PRODUCTS_DIR)/prework.app/prework";
			};
			name = Release;
		};
		58283A9026D6A39900FD1E5D /* Debug */ = {
			isa = XCBuildConfiguration;
			buildSettings = {
				ALWAYS_EMBED_SWIFT_STANDARD_LIBRARIES = YES;
				CODE_SIGN_STYLE = Automatic;
				INFOPLIST_FILE = preworkUITests/Info.plist;
				LD_RUNPATH_SEARCH_PATHS = (
					"$(inherited)",
					"@executable_path/Frameworks",
					"@loader_path/Frameworks",
				);
				PRODUCT_BUNDLE_IDENTIFIER = memo.com.preworkUITests;
				PRODUCT_NAME = "$(TARGET_NAME)";
				SWIFT_VERSION = 5.0;
				TARGETED_DEVICE_FAMILY = "1,2";
				TEST_TARGET_NAME = prework;
			};
			name = Debug;
		};
		58283A9126D6A39900FD1E5D /* Release */ = {
			isa = XCBuildConfiguration;
			buildSettings = {
				ALWAYS_EMBED_SWIFT_STANDARD_LIBRARIES = YES;
				CODE_SIGN_STYLE = Automatic;
				INFOPLIST_FILE = preworkUITests/Info.plist;
				LD_RUNPATH_SEARCH_PATHS = (
					"$(inherited)",
					"@executable_path/Frameworks",
					"@loader_path/Frameworks",
				);
				PRODUCT_BUNDLE_IDENTIFIER = memo.com.preworkUITests;
				PRODUCT_NAME = "$(TARGET_NAME)";
				SWIFT_VERSION = 5.0;
				TARGETED_DEVICE_FAMILY = "1,2";
				TEST_TARGET_NAME = prework;
			};
			name = Release;
		};
/* End XCBuildConfiguration section */

/* Begin XCConfigurationList section */
		58283A5A26D6A39800FD1E5D /* Build configuration list for PBXProject "prework" */ = {
			isa = XCConfigurationList;
			buildConfigurations = (
				58283A8726D6A39900FD1E5D /* Debug */,
				58283A8826D6A39900FD1E5D /* Release */,
			);
			defaultConfigurationIsVisible = 0;
			defaultConfigurationName = Release;
		};
		58283A8926D6A39900FD1E5D /* Build configuration list for PBXNativeTarget "prework" */ = {
			isa = XCConfigurationList;
			buildConfigurations = (
				58283A8A26D6A39900FD1E5D /* Debug */,
				58283A8B26D6A39900FD1E5D /* Release */,
			);
			defaultConfigurationIsVisible = 0;
			defaultConfigurationName = Release;
		};
		58283A8C26D6A39900FD1E5D /* Build configuration list for PBXNativeTarget "preworkTests" */ = {
			isa = XCConfigurationList;
			buildConfigurations = (
				58283A8D26D6A39900FD1E5D /* Debug */,
				58283A8E26D6A39900FD1E5D /* Release */,
			);
			defaultConfigurationIsVisible = 0;
			defaultConfigurationName = Release;
		};
		58283A8F26D6A39900FD1E5D /* Build configuration list for PBXNativeTarget "preworkUITests" */ = {
			isa = XCConfigurationList;
			buildConfigurations = (
				58283A9026D6A39900FD1E5D /* Debug */,
				58283A9126D6A39900FD1E5D /* Release */,
			);
			defaultConfigurationIsVisible = 0;
			defaultConfigurationName = Release;
		};
/* End XCConfigurationList section */
	};
	rootObject = 58283A5726D6A39800FD1E5D /* Project object */;
}
